
Microsoft Visual Studio Solution File, Format Version 12.00
# Visual Studio 15
VisualStudioVersion = 15.0.27130.2024
MinimumVisualStudioVersion = 10.0.40219.1
Project("{FAE04EC0-301F-11D3-BF4B-00C04F79EFBC}") = "Bangumi.UWP", "Bangumi.UWP\Bangumi.UWP.csproj", "{0CA3E7A3-FC8E-4D05-8E67-36A68F5EFA1A}"
EndProject
Project("{FAE04EC0-301F-11D3-BF4B-00C04F79EFBC}") = "Bangumi.Client", "Bangumi.Client\Bangumi.Client.csproj", "{A2CB79C9-F04C-4120-BC21-3630E9E01587}"
EndProject
Global
	GlobalSection(SolutionConfigurationPlatforms) = preSolution
		Debug|Any CPU = Debug|Any CPU
		Debug|ARM = Debug|ARM
		Debug|x64 = Debug|x64
		Debug|x86 = Debug|x86
		Release|Any CPU = Release|Any CPU
		Release|ARM = Release|ARM
		Release|x64 = Release|x64
		Release|x86 = Release|x86
	EndGlobalSection
	GlobalSection(ProjectConfigurationPlatforms) = postSolution
		{0CA3E7A3-FC8E-4D05-8E67-36A68F5EFA1A}.Debug|Any CPU.ActiveCfg = Debug|x86
		{0CA3E7A3-FC8E-4D05-8E67-36A68F5EFA1A}.Debug|ARM.ActiveCfg = Debug|ARM
		{0CA3E7A3-FC8E-4D05-8E67-36A68F5EFA1A}.Debug|ARM.Build.0 = Debug|ARM
		{0CA3E7A3-FC8E-4D05-8E67-36A68F5EFA1A}.Debug|ARM.Deploy.0 = Debug|ARM
		{0CA3E7A3-FC8E-4D05-8E67-36A68F5EFA1A}.Debug|x64.ActiveCfg = Debug|x64
		{0CA3E7A3-FC8E-4D05-8E67-36A68F5EFA1A}.Debug|x64.Build.0 = Debug|x64
		{0CA3E7A3-FC8E-4D05-8E67-36A68F5EFA1A}.Debug|x64.Deploy.0 = Debug|x64
		{0CA3E7A3-FC8E-4D05-8E67-36A68F5EFA1A}.Debug|x86.ActiveCfg = Debug|x86
		{0CA3E7A3-FC8E-4D05-8E67-36A68F5EFA1A}.Debug|x86.Build.0 = Debug|x86
		{0CA3E7A3-FC8E-4D05-8E67-36A68F5EFA1A}.Debug|x86.Deploy.0 = Debug|x86
		{0CA3E7A3-FC8E-4D05-8E67-36A68F5EFA1A}.Release|Any CPU.ActiveCfg = Release|x86
		{0CA3E7A3-FC8E-4D05-8E67-36A68F5EFA1A}.Release|ARM.ActiveCfg = Release|ARM
		{0CA3E7A3-FC8E-4D05-8E67-36A68F5EFA1A}.Release|ARM.Build.0 = Release|ARM
		{0CA3E7A3-FC8E-4D05-8E67-36A68F5EFA1A}.Release|ARM.Deploy.0 = Release|ARM
		{0CA3E7A3-FC8E-4D05-8E67-36A68F5EFA1A}.Release|x64.ActiveCfg = Release|x64
		{0CA3E7A3-FC8E-4D05-8E67-36A68F5EFA1A}.Release|x64.Build.0 = Release|x64
		{0CA3E7A3-FC8E-4D05-8E67-36A68F5EFA1A}.Release|x64.Deploy.0 = Release|x64
		{0CA3E7A3-FC8E-4D05-8E67-36A68F5EFA1A}.Release|x86.ActiveCfg = Release|x86
		{0CA3E7A3-FC8E-4D05-8E67-36A68F5EFA1A}.Release|x86.Build.0 = Release|x86
		{0CA3E7A3-FC8E-4D05-8E67-36A68F5EFA1A}.Release|x86.Deploy.0 = Release|x86
		{A2CB79C9-F04C-4120-BC21-3630E9E01587}.Debug|Any CPU.ActiveCfg = Debug|Any CPU
		{A2CB79C9-F04C-4120-BC21-3630E9E01587}.Debug|Any CPU.Build.0 = Debug|Any CPU
		{A2CB79C9-F04C-4120-BC21-3630E9E01587}.Debug|ARM.ActiveCfg = Debug|ARM
		{A2CB79C9-F04C-4120-BC21-3630E9E01587}.Debug|ARM.Build.0 = Debug|ARM
		{A2CB79C9-F04C-4120-BC21-3630E9E01587}.Debug|x64.ActiveCfg = Debug|x64
		{A2CB79C9-F04C-4120-BC21-3630E9E01587}.Debug|x64.Build.0 = Debug|x64
		{A2CB79C9-F04C-4120-BC21-3630E9E01587}.Debug|x86.ActiveCfg = Debug|x86
		{A2CB79C9-F04C-4120-BC21-3630E9E01587}.Debug|x86.Build.0 = Debug|x86
		{A2CB79C9-F04C-4120-BC21-3630E9E01587}.Release|Any CPU.ActiveCfg = Release|Any CPU
		{A2CB79C9-F04C-4120-BC21-3630E9E01587}.Release|Any CPU.Build.0 = Release|Any CPU
		{A2CB79C9-F04C-4120-BC21-3630E9E01587}.Release|ARM.ActiveCfg = Release|ARM
		{A2CB79C9-F04C-4120-BC21-3630E9E01587}.Release|ARM.Build.0 = Release|ARM
		{A2CB79C9-F04C-4120-BC21-3630E9E01587}.Release|x64.ActiveCfg = Release|x64
		{A2CB79C9-F04C-4120-BC21-3630E9E01587}.Release|x64.Build.0 = Release|x64
		{A2CB79C9-F04C-4120-BC21-3630E9E01587}.Release|x86.ActiveCfg = Release|x86
		{A2CB79C9-F04C-4120-BC21-3630E9E01587}.Release|x86.Build.0 = Release|x86
	EndGlobalSection
	GlobalSection(SolutionProperties) = preSolution
		HideSolutionNode = FALSE
	EndGlobalSection
	GlobalSection(ExtensibilityGlobals) = postSolution
		SolutionGuid = {165CC0FC-7B10-4001-82C1-36F2C940EB9A}
	EndGlobalSection
EndGlobal
